
Microsoft Visual Studio Solution File, Format Version 12.00
# Visual Studio Version 17
VisualStudioVersion = 17.3.32929.385
MinimumVisualStudioVersion = 10.0.40219.1
Project("{FAE04EC0-301F-11D3-BF4B-00C04F79EFBC}") = "weather-station", "weather-station.csproj", "{5C5D2B53-6E6B-4A06-9800-8CBAEF796965}"
EndProject
Global
	GlobalSection(SolutionConfigurationPlatforms) = preSolution
		Debug|Any CPU = Debug|Any CPU
		Release|Any CPU = Release|Any CPU
	EndGlobalSection
	GlobalSection(ProjectConfigurationPlatforms) = postSolution
		{5C5D2B53-6E6B-4A06-9800-8CBAEF796965}.Debug|Any CPU.ActiveCfg = Debug|Any CPU
		{5C5D2B53-6E6B-4A06-9800-8CBAEF796965}.Debug|Any CPU.Build.0 = Debug|Any CPU
		{5C5D2B53-6E6B-4A06-9800-8CBAEF796965}.Release|Any CPU.ActiveCfg = Release|Any CPU
		{5C5D2B53-6E6B-4A06-9800-8CBAEF796965}.Release|Any CPU.Build.0 = Release|Any CPU
	EndGlobalSection
	GlobalSection(SolutionProperties) = preSolution
		HideSolutionNode = FALSE
	EndGlobalSection
	GlobalSection(ExtensibilityGlobals) = postSolution
		SolutionGuid = {230D47E3-2174-4104-A176-8C5D590C3C09}
	EndGlobalSection
EndGlobal
